
Microsoft Visual Studio Solution File, Format Version 12.00
# Visual Studio Version 16
VisualStudioVersion = 16.0.30907.101
MinimumVisualStudioVersion = 10.0.40219.1
Project("{9A19103F-16F7-4668-BE54-9A1E7A4F7556}") = "SampleWebAPI", "RFPWebAPI\SampleWebAPI.csproj", "{18BE542B-684E-455E-978E-C4D763BBDA9F}"
EndProject
Project("{9A19103F-16F7-4668-BE54-9A1E7A4F7556}") = "DataAccessLayer", "DataAccessLayer\DataAccessLayer.csproj", "{3C6AF101-C722-46E1-86BF-8AEA657CCCF3}"
EndProject
Project("{9A19103F-16F7-4668-BE54-9A1E7A4F7556}") = "BusinessLogicLayer", "BusinessLogicLayers\BusinessLogicLayer.csproj", "{0D77F1FD-9BF0-414D-8097-97B56BC1A99D}"
EndProject
Global
	GlobalSection(SolutionConfigurationPlatforms) = preSolution
		Debug|Any CPU = Debug|Any CPU
		Release|Any CPU = Release|Any CPU
	EndGlobalSection
	GlobalSection(ProjectConfigurationPlatforms) = postSolution
		{18BE542B-684E-455E-978E-C4D763BBDA9F}.Debug|Any CPU.ActiveCfg = Debug|Any CPU
		{18BE542B-684E-455E-978E-C4D763BBDA9F}.Debug|Any CPU.Build.0 = Debug|Any CPU
		{18BE542B-684E-455E-978E-C4D763BBDA9F}.Release|Any CPU.ActiveCfg = Debug|Any CPU
		{18BE542B-684E-455E-978E-C4D763BBDA9F}.Release|Any CPU.Build.0 = Debug|Any CPU
		{3C6AF101-C722-46E1-86BF-8AEA657CCCF3}.Debug|Any CPU.ActiveCfg = Debug|Any CPU
		{3C6AF101-C722-46E1-86BF-8AEA657CCCF3}.Debug|Any CPU.Build.0 = Debug|Any CPU
		{3C6AF101-C722-46E1-86BF-8AEA657CCCF3}.Release|Any CPU.ActiveCfg = Debug|Any CPU
		{3C6AF101-C722-46E1-86BF-8AEA657CCCF3}.Release|Any CPU.Build.0 = Debug|Any CPU
		{0D77F1FD-9BF0-414D-8097-97B56BC1A99D}.Debug|Any CPU.ActiveCfg = Debug|Any CPU
		{0D77F1FD-9BF0-414D-8097-97B56BC1A99D}.Debug|Any CPU.Build.0 = Debug|Any CPU
		{0D77F1FD-9BF0-414D-8097-97B56BC1A99D}.Release|Any CPU.ActiveCfg = Debug|Any CPU
		{0D77F1FD-9BF0-414D-8097-97B56BC1A99D}.Release|Any CPU.Build.0 = Debug|Any CPU
	EndGlobalSection
	GlobalSection(SolutionProperties) = preSolution
		HideSolutionNode = FALSE
	EndGlobalSection
	GlobalSection(ExtensibilityGlobals) = postSolution
		SolutionGuid = {E1330C62-9086-44E0-B6F5-C662BCF98C11}
	EndGlobalSection
EndGlobal
